
Microsoft Visual Studio Solution File, Format Version 12.00
# Visual Studio 15
VisualStudioVersion = 15.0.28307.1300
MinimumVisualStudioVersion = 10.0.40219.1
Project("{8BC9CEB8-8B4A-11D0-8D11-00A0C91BC942}") = "jsonPost", "jsonPost\jsonPost.vcxproj", "{AA0D6649-E041-4E8C-AE04-7218098FEA13}"
EndProject
Global
	GlobalSection(SolutionConfigurationPlatforms) = preSolution
		Debug|x64 = Debug|x64
		Debug|x86 = Debug|x86
		Release|x64 = Release|x64
		Release|x86 = Release|x86
	EndGlobalSection
	GlobalSection(ProjectConfigurationPlatforms) = postSolution
		{AA0D6649-E041-4E8C-AE04-7218098FEA13}.Debug|x64.ActiveCfg = Debug|x64
		{AA0D6649-E041-4E8C-AE04-7218098FEA13}.Debug|x64.Build.0 = Debug|x64
		{AA0D6649-E041-4E8C-AE04-7218098FEA13}.Debug|x86.ActiveCfg = Debug|Win32
		{AA0D6649-E041-4E8C-AE04-7218098FEA13}.Debug|x86.Build.0 = Debug|Win32
		{AA0D6649-E041-4E8C-AE04-7218098FEA13}.Release|x64.ActiveCfg = Release|x64
		{AA0D6649-E041-4E8C-AE04-7218098FEA13}.Release|x64.Build.0 = Release|x64
		{AA0D6649-E041-4E8C-AE04-7218098FEA13}.Release|x86.ActiveCfg = Release|Win32
		{AA0D6649-E041-4E8C-AE04-7218098FEA13}.Release|x86.Build.0 = Release|Win32
	EndGlobalSection
	GlobalSection(SolutionProperties) = preSolution
		HideSolutionNode = FALSE
	EndGlobalSection
	GlobalSection(ExtensibilityGlobals) = postSolution
		SolutionGuid = {CAF6E10C-9BCA-417C-8BBF-8991C77AB839}
	EndGlobalSection
EndGlobal
